// !$*UTF8*$!
{
	archiveVersion = 1;
	classes = {
	};
	objectVersion = 48;
	objects = {

/* Begin PBXBuildFile section */
		31C154A8205B4E9F003FF857 /* AppDelegate.swift in Sources */ = {isa = PBXBuildFile; fileRef = 31C154A7205B4E9F003FF857 /* AppDelegate.swift */; };
		31C154AD205B4E9F003FF857 /* Main.storyboard in Resources */ = {isa = PBXBuildFile; fileRef = 31C154AB205B4E9F003FF857 /* Main.storyboard */; };
		31C154AF205B4E9F003FF857 /* Assets.xcassets in Resources */ = {isa = PBXBuildFile; fileRef = 31C154AE205B4E9F003FF857 /* Assets.xcassets */; };
		31C154B2205B4E9F003FF857 /* LaunchScreen.storyboard in Resources */ = {isa = PBXBuildFile; fileRef = 31C154B0205B4E9F003FF857 /* LaunchScreen.storyboard */; };
		BADB7EBBE22C3EDB0931C12F /* Pods_Dandelion.framework in Frameworks */ = {isa = PBXBuildFile; fileRef = 25875C07B3AEDFBEECB030B2 /* Pods_Dandelion.framework */; };
/* End PBXBuildFile section */

/* Begin PBXFileReference section */
		25875C07B3AEDFBEECB030B2 /* Pods_Dandelion.framework */ = {isa = PBXFileReference; explicitFileType = wrapper.framework; includeInIndex = 0; path = Pods_Dandelion.framework; sourceTree = BUILT_PRODUCTS_DIR; };
		2C717EE788C98950E660904A /* Pods-Dandelion.release.xcconfig */ = {isa = PBXFileReference; includeInIndex = 1; lastKnownFileType = text.xcconfig; name = "Pods-Dandelion.release.xcconfig"; path = "Pods/Target Support Files/Pods-Dandelion/Pods-Dandelion.release.xcconfig"; sourceTree = "<group>"; };
		31C154A4205B4E9F003FF857 /* Dandelion.app */ = {isa = PBXFileReference; explicitFileType = wrapper.application; includeInIndex = 0; path = Dandelion.app; sourceTree = BUILT_PRODUCTS_DIR; };
		31C154A7205B4E9F003FF857 /* AppDelegate.swift */ = {isa = PBXFileReference; lastKnownFileType = sourcecode.swift; path = AppDelegate.swift; sourceTree = "<group>"; };
		31C154AC205B4E9F003FF857 /* Base */ = {isa = PBXFileReference; lastKnownFileType = file.storyboard; name = Base; path = Base.lproj/Main.storyboard; sourceTree = "<group>"; };
		31C154AE205B4E9F003FF857 /* Assets.xcassets */ = {isa = PBXFileReference; lastKnownFileType = folder.assetcatalog; path = Assets.xcassets; sourceTree = "<group>"; };
		31C154B1205B4E9F003FF857 /* Base */ = {isa = PBXFileReference; lastKnownFileType = file.storyboard; name = Base; path = Base.lproj/LaunchScreen.storyboard; sourceTree = "<group>"; };
		31C154B3205B4E9F003FF857 /* Info.plist */ = {isa = PBXFileReference; lastKnownFileType = text.plist.xml; path = Info.plist; sourceTree = "<group>"; };
		99F9E3366C48F55A837CDA33 /* Pods-Dandelion.debug.xcconfig */ = {isa = PBXFileReference; includeInIndex = 1; lastKnownFileType = text.xcconfig; name = "Pods-Dandelion.debug.xcconfig"; path = "Pods/Target Support Files/Pods-Dandelion/Pods-Dandelion.debug.xcconfig"; sourceTree = "<group>"; };
/* End PBXFileReference section */

/* Begin PBXFrameworksBuildPhase section */
		31C154A1205B4E9F003FF857 /* Frameworks */ = {
			isa = PBXFrameworksBuildPhase;
			buildActionMask = 2147483647;
			files = (
				BADB7EBBE22C3EDB0931C12F /* Pods_Dandelion.framework in Frameworks */,
			);
			runOnlyForDeploymentPostprocessing = 0;
		};
/* End PBXFrameworksBuildPhase section */

/* Begin PBXGroup section */
		31C1549B205B4E9F003FF857 = {
			isa = PBXGroup;
			children = (
				31C154A6205B4E9F003FF857 /* Dandelion */,
				31C154A5205B4E9F003FF857 /* Products */,
				DB615979D36D64E1122579A9 /* Pods */,
				42304A75822BA6B7A90E2D01 /* Frameworks */,
			);
			sourceTree = "<group>";
		};
		31C154A5205B4E9F003FF857 /* Products */ = {
			isa = PBXGroup;
			children = (
				31C154A4205B4E9F003FF857 /* Dandelion.app */,
			);
			name = Products;
			sourceTree = "<group>";
		};
		31C154A6205B4E9F003FF857 /* Dandelion */ = {
			isa = PBXGroup;
			children = (
				31C154A7205B4E9F003FF857 /* AppDelegate.swift */,
				31C154AB205B4E9F003FF857 /* Main.storyboard */,
				31C154B9205B50E9003FF857 /* API */,
				31C154BD205B527C003FF857 /* Model */,
				31C154BC205B5263003FF857 /* Module */,
				31C154BB205B521B003FF857 /* Resource */,
			);
			path = Dandelion;
			sourceTree = "<group>";
		};
		31C154B9205B50E9003FF857 /* API */ = {
			isa = PBXGroup;
			children = (
			);
			path = API;
			sourceTree = "<group>";
		};
		31C154BB205B521B003FF857 /* Resource */ = {
			isa = PBXGroup;
			children = (
				31C154AE205B4E9F003FF857 /* Assets.xcassets */,
				31C154B0205B4E9F003FF857 /* LaunchScreen.storyboard */,
				31C154B3205B4E9F003FF857 /* Info.plist */,
			);
			name = Resource;
			sourceTree = "<group>";
		};
		31C154BC205B5263003FF857 /* Module */ = {
			isa = PBXGroup;
			children = (
			);
			path = Module;
			sourceTree = "<group>";
		};
		31C154BD205B527C003FF857 /* Model */ = {
			isa = PBXGroup;
			children = (
			);
			path = Model;
			sourceTree = "<group>";
		};
		42304A75822BA6B7A90E2D01 /* Frameworks */ = {
			isa = PBXGroup;
			children = (
				25875C07B3AEDFBEECB030B2 /* Pods_Dandelion.framework */,
			);
			name = Frameworks;
			sourceTree = "<group>";
		};
		DB615979D36D64E1122579A9 /* Pods */ = {
			isa = PBXGroup;
			children = (
				99F9E3366C48F55A837CDA33 /* Pods-Dandelion.debug.xcconfig */,
				2C717EE788C98950E660904A /* Pods-Dandelion.release.xcconfig */,
			);
			name = Pods;
			sourceTree = "<group>";
		};
/* End PBXGroup section */

/* Begin PBXNativeTarget section */
		31C154A3205B4E9F003FF857 /* Dandelion */ = {
			isa = PBXNativeTarget;
			buildConfigurationList = 31C154B6205B4E9F003FF857 /* Build configuration list for PBXNativeTarget "Dandelion" */;
			buildPhases = (
				C96A8B12FBB5776B868337F3 /* [CP] Check Pods Manifest.lock */,
				31C154A0205B4E9F003FF857 /* Sources */,
				31C154A1205B4E9F003FF857 /* Frameworks */,
				31C154A2205B4E9F003FF857 /* Resources */,
				23BF66C826A05889ACD78577 /* [CP] Embed Pods Frameworks */,
				DFB51A0A1163EEC2CA7B31FC /* [CP] Copy Pods Resources */,
			);
			buildRules = (
			);
			dependencies = (
			);
			name = Dandelion;
			productName = Dandelion;
			productReference = 31C154A4205B4E9F003FF857 /* Dandelion.app */;
			productType = "com.apple.product-type.application";
		};
/* End PBXNativeTarget section */

/* Begin PBXProject section */
		31C1549C205B4E9F003FF857 /* Project object */ = {
			isa = PBXProject;
			attributes = {
				LastSwiftUpdateCheck = 0920;
				LastUpgradeCheck = 0920;
				ORGANIZATIONNAME = "Siyue Wang";
				TargetAttributes = {
					31C154A3205B4E9F003FF857 = {
						CreatedOnToolsVersion = 9.2;
						ProvisioningStyle = Automatic;
					};
				};
			};
			buildConfigurationList = 31C1549F205B4E9F003FF857 /* Build configuration list for PBXProject "Dandelion" */;
			compatibilityVersion = "Xcode 8.0";
			developmentRegion = en;
			hasScannedForEncodings = 0;
			knownRegions = (
				en,
				Base,
			);
			mainGroup = 31C1549B205B4E9F003FF857;
			productRefGroup = 31C154A5205B4E9F003FF857 /* Products */;
			projectDirPath = "";
			projectRoot = "";
			targets = (
				31C154A3205B4E9F003FF857 /* Dandelion */,
			);
		};
/* End PBXProject section */

/* Begin PBXResourcesBuildPhase section */
		31C154A2205B4E9F003FF857 /* Resources */ = {
			isa = PBXResourcesBuildPhase;
			buildActionMask = 2147483647;
			files = (
				31C154B2205B4E9F003FF857 /* LaunchScreen.storyboard in Resources */,
				31C154AF205B4E9F003FF857 /* Assets.xcassets in Resources */,
				31C154AD205B4E9F003FF857 /* Main.storyboard in Resources */,
			);
			runOnlyForDeploymentPostprocessing = 0;
		};
/* End PBXResourcesBuildPhase section */

/* Begin PBXShellScriptBuildPhase section */
		23BF66C826A05889ACD78577 /* [CP] Embed Pods Frameworks */ = {
			isa = PBXShellScriptBuildPhase;
			buildActionMask = 2147483647;
			files = (
			);
			inputPaths = (
				"${SRCROOT}/Pods/Target Support Files/Pods-Dandelion/Pods-Dandelion-frameworks.sh",
				"${BUILT_PRODUCTS_DIR}/Alamofire/Alamofire.framework",
				"${BUILT_PRODUCTS_DIR}/AlamofireImage/AlamofireImage.framework",
				"${BUILT_PRODUCTS_DIR}/Moya/Moya.framework",
				"${BUILT_PRODUCTS_DIR}/Result/Result.framework",
				"${BUILT_PRODUCTS_DIR}/RxCocoa/RxCocoa.framework",
				"${BUILT_PRODUCTS_DIR}/RxSwift/RxSwift.framework",
				"${BUILT_PRODUCTS_DIR}/RxSwiftUtilities/RxSwiftUtilities.framework",
				"${BUILT_PRODUCTS_DIR}/SwiftyJSON/SwiftyJSON.framework",
				"${BUILT_PRODUCTS_DIR}/TPKeyboardAvoiding/TPKeyboardAvoiding.framework",
			);
			name = "[CP] Embed Pods Frameworks";
			outputPaths = (
				"${TARGET_BUILD_DIR}/${FRAMEWORKS_FOLDER_PATH}/Alamofire.framework",
				"${TARGET_BUILD_DIR}/${FRAMEWORKS_FOLDER_PATH}/AlamofireImage.framework",
				"${TARGET_BUILD_DIR}/${FRAMEWORKS_FOLDER_PATH}/Moya.framework",
				"${TARGET_BUILD_DIR}/${FRAMEWORKS_FOLDER_PATH}/Result.framework",
				"${TARGET_BUILD_DIR}/${FRAMEWORKS_FOLDER_PATH}/RxCocoa.framework",
				"${TARGET_BUILD_DIR}/${FRAMEWORKS_FOLDER_PATH}/RxSwift.framework",
				"${TARGET_BUILD_DIR}/${FRAMEWORKS_FOLDER_PATH}/RxSwiftUtilities.framework",
				"${TARGET_BUILD_DIR}/${FRAMEWORKS_FOLDER_PATH}/SwiftyJSON.framework",
				"${TARGET_BUILD_DIR}/${FRAMEWORKS_FOLDER_PATH}/TPKeyboardAvoiding.framework",
			);
			runOnlyForDeploymentPostprocessing = 0;
			shellPath = /bin/sh;
			shellScript = "\"${SRCROOT}/Pods/Target Support Files/Pods-Dandelion/Pods-Dandelion-frameworks.sh\"\n";
			showEnvVarsInLog = 0;
		};
		C96A8B12FBB5776B868337F3 /* [CP] Check Pods Manifest.lock */ = {
			isa = PBXShellScriptBuildPhase;
			buildActionMask = 2147483647;
			files = (
			);
			inputPaths = (
				"${PODS_PODFILE_DIR_PATH}/Podfile.lock",
				"${PODS_ROOT}/Manifest.lock",
			);
			name = "[CP] Check Pods Manifest.lock";
			outputPaths = (
				"$(DERIVED_FILE_DIR)/Pods-Dandelion-checkManifestLockResult.txt",
			);
			runOnlyForDeploymentPostprocessing = 0;
			shellPath = /bin/sh;
			shellScript = "diff \"${PODS_PODFILE_DIR_PATH}/Podfile.lock\" \"${PODS_ROOT}/Manifest.lock\" > /dev/null\nif [ $? != 0 ] ; then\n    # print error to STDERR\n    echo \"error: The sandbox is not in sync with the Podfile.lock. Run 'pod install' or update your CocoaPods installation.\" >&2\n    exit 1\nfi\n# This output is used by Xcode 'outputs' to avoid re-running this script phase.\necho \"SUCCESS\" > \"${SCRIPT_OUTPUT_FILE_0}\"\n";
			showEnvVarsInLog = 0;
		};
		DFB51A0A1163EEC2CA7B31FC /* [CP] Copy Pods Resources */ = {
			isa = PBXShellScriptBuildPhase;
			buildActionMask = 2147483647;
			files = (
			);
			inputPaths = (
			);
			name = "[CP] Copy Pods Resources";
			outputPaths = (
			);
			runOnlyForDeploymentPostprocessing = 0;
			shellPath = /bin/sh;
			shellScript = "\"${SRCROOT}/Pods/Target Support Files/Pods-Dandelion/Pods-Dandelion-resources.sh\"\n";
			showEnvVarsInLog = 0;
		};
/* End PBXShellScriptBuildPhase section */

/* Begin PBXSourcesBuildPhase section */
		31C154A0205B4E9F003FF857 /* Sources */ = {
			isa = PBXSourcesBuildPhase;
			buildActionMask = 2147483647;
			files = (
				31C154A8205B4E9F003FF857 /* AppDelegate.swift in Sources */,
			);
			runOnlyForDeploymentPostprocessing = 0;
		};
/* End PBXSourcesBuildPhase section */

/* Begin PBXVariantGroup section */
		31C154AB205B4E9F003FF857 /* Main.storyboard */ = {
			isa = PBXVariantGroup;
			children = (
				31C154AC205B4E9F003FF857 /* Base */,
			);
			name = Main.storyboard;
			sourceTree = "<group>";
		};
		31C154B0205B4E9F003FF857 /* LaunchScreen.storyboard */ = {
			isa = PBXVariantGroup;
			children = (
				31C154B1205B4E9F003FF857 /* Base */,
			);
			name = LaunchScreen.storyboard;
			sourceTree = "<group>";
		};
/* End PBXVariantGroup section */

/* Begin XCBuildConfiguration section */
		31C154B4205B4E9F003FF857 /* Debug */ = {
			isa = XCBuildConfiguration;
			buildSettings = {
				ALWAYS_SEARCH_USER_PATHS = NO;
				CLANG_ANALYZER_NONNULL = YES;
				CLANG_ANALYZER_NUMBER_OBJECT_CONVERSION = YES_AGGRESSIVE;
				CLANG_CXX_LANGUAGE_STANDARD = "gnu++14";
				CLANG_CXX_LIBRARY = "libc++";
				CLANG_ENABLE_MODULES = YES;
				CLANG_ENABLE_OBJC_ARC = YES;
				CLANG_WARN_BLOCK_CAPTURE_AUTORELEASING = YES;
				CLANG_WARN_BOOL_CONVERSION = YES;
				CLANG_WARN_COMMA = YES;
				CLANG_WARN_CONSTANT_CONVERSION = YES;
				CLANG_WARN_DIRECT_OBJC_ISA_USAGE = YES_ERROR;
				CLANG_WARN_DOCUMENTATION_COMMENTS = YES;
				CLANG_WARN_EMPTY_BODY = YES;
				CLANG_WARN_ENUM_CONVERSION = YES;
				CLANG_WARN_INFINITE_RECURSION = YES;
				CLANG_WARN_INT_CONVERSION = YES;
				CLANG_WARN_NON_LITERAL_NULL_CONVERSION = YES;
				CLANG_WARN_OBJC_LITERAL_CONVERSION = YES;
				CLANG_WARN_OBJC_ROOT_CLASS = YES_ERROR;
				CLANG_WARN_RANGE_LOOP_ANALYSIS = YES;
				CLANG_WARN_STRICT_PROTOTYPES = YES;
				CLANG_WARN_SUSPICIOUS_MOVE = YES;
				CLANG_WARN_UNGUARDED_AVAILABILITY = YES_AGGRESSIVE;
				CLANG_WARN_UNREACHABLE_CODE = YES;
				CLANG_WARN__DUPLICATE_METHOD_MATCH = YES;
				CODE_SIGN_IDENTITY = "iPhone Developer";
				COPY_PHASE_STRIP = NO;
				DEBUG_INFORMATION_FORMAT = dwarf;
				ENABLE_STRICT_OBJC_MSGSEND = YES;
				ENABLE_TESTABILITY = YES;
				GCC_C_LANGUAGE_STANDARD = gnu11;
				GCC_DYNAMIC_NO_PIC = NO;
				GCC_NO_COMMON_BLOCKS = YES;
				GCC_OPTIMIZATION_LEVEL = 0;
				GCC_PREPROCESSOR_DEFINITIONS = (
					"DEBUG=1",
					"$(inherited)",
				);
				GCC_WARN_64_TO_32_BIT_CONVERSION = YES;
				GCC_WARN_ABOUT_RETURN_TYPE = YES_ERROR;
				GCC_WARN_UNDECLARED_SELECTOR = YES;
				GCC_WARN_UNINITIALIZED_AUTOS = YES_AGGRESSIVE;
				GCC_WARN_UNUSED_FUNCTION = YES;
				GCC_WARN_UNUSED_VARIABLE = YES;
				IPHONEOS_DEPLOYMENT_TARGET = 11.2;
				MTL_ENABLE_DEBUG_INFO = YES;
				ONLY_ACTIVE_ARCH = YES;
				SDKROOT = iphoneos;
				SWIFT_ACTIVE_COMPILATION_CONDITIONS = DEBUG;
				SWIFT_OPTIMIZATION_LEVEL = "-Onone";
			};
			name = Debug;
		};
		31C154B5205B4E9F003FF857 /* Release */ = {
			isa = XCBuildConfiguration;
			buildSettings = {
				ALWAYS_SEARCH_USER_PATHS = NO;
				CLANG_ANALYZER_NONNULL = YES;
				CLANG_ANALYZER_NUMBER_OBJECT_CONVERSION = YES_AGGRESSIVE;
				CLANG_CXX_LANGUAGE_STANDARD = "gnu++14";
				CLANG_CXX_LIBRARY = "libc++";
				CLANG_ENABLE_MODULES = YES;
				CLANG_ENABLE_OBJC_ARC = YES;
				CLANG_WARN_BLOCK_CAPTURE_AUTORELEASING = YES;
				CLANG_WARN_BOOL_CONVERSION = YES;
				CLANG_WARN_COMMA = YES;
				CLANG_WARN_CONSTANT_CONVERSION = YES;
				CLANG_WARN_DIRECT_OBJC_ISA_USAGE = YES_ERROR;
				CLANG_WARN_DOCUMENTATION_COMMENTS = YES;
				CLANG_WARN_EMPTY_BODY = YES;
				CLANG_WARN_ENUM_CONVERSION = YES;
				CLANG_WARN_INFINITE_RECURSION = YES;
				CLANG_WARN_INT_CONVERSION = YES;
				CLANG_WARN_NON_LITERAL_NULL_CONVERSION = YES;
				CLANG_WARN_OBJC_LITERAL_CONVERSION = YES;
				CLANG_WARN_OBJC_ROOT_CLASS = YES_ERROR;
				CLANG_WARN_RANGE_LOOP_ANALYSIS = YES;
				CLANG_WARN_STRICT_PROTOTYPES = YES;
				CLANG_WARN_SUSPICIOUS_MOVE = YES;
				CLANG_WARN_UNGUARDED_AVAILABILITY = YES_AGGRESSIVE;
				CLANG_WARN_UNREACHABLE_CODE = YES;
				CLANG_WARN__DUPLICATE_METHOD_MATCH = YES;
				CODE_SIGN_IDENTITY = "iPhone Developer";
				COPY_PHASE_STRIP = NO;
				DEBUG_INFORMATION_FORMAT = "dwarf-with-dsym";
				ENABLE_NS_ASSERTIONS = NO;
				ENABLE_STRICT_OBJC_MSGSEND = YES;
				GCC_C_LANGUAGE_STANDARD = gnu11;
				GCC_NO_COMMON_BLOCKS = YES;
				GCC_WARN_64_TO_32_BIT_CONVERSION = YES;
				GCC_WARN_ABOUT_RETURN_TYPE = YES_ERROR;
				GCC_WARN_UNDECLARED_SELECTOR = YES;
				GCC_WARN_UNINITIALIZED_AUTOS = YES_AGGRESSIVE;
				GCC_WARN_UNUSED_FUNCTION = YES;
				GCC_WARN_UNUSED_VARIABLE = YES;
				IPHONEOS_DEPLOYMENT_TARGET = 11.2;
				MTL_ENABLE_DEBUG_INFO = NO;
				SDKROOT = iphoneos;
				SWIFT_OPTIMIZATION_LEVEL = "-Owholemodule";
				VALIDATE_PRODUCT = YES;
			};
			name = Release;
		};
		31C154B7205B4E9F003FF857 /* Debug */ = {
			isa = XCBuildConfiguration;
			baseConfigurationReference = 99F9E3366C48F55A837CDA33 /* Pods-Dandelion.debug.xcconfig */;
			buildSettings = {
				ASSETCATALOG_COMPILER_APPICON_NAME = AppIcon;
				CODE_SIGN_STYLE = Automatic;
				DEVELOPMENT_TEAM = ABJ4EHX6C9;
				INFOPLIST_FILE = Dandelion/Info.plist;
				IPHONEOS_DEPLOYMENT_TARGET = 10.2;
				LD_RUNPATH_SEARCH_PATHS = "$(inherited) @executable_path/Frameworks";
				PRODUCT_BUNDLE_IDENTIFIER = com.kriswang.Dandelion;
				PRODUCT_NAME = "$(TARGET_NAME)";
				SWIFT_VERSION = 4.0;
				TARGETED_DEVICE_FAMILY = 1;
			};
			name = Debug;
		};
		31C154B8205B4E9F003FF857 /* Release */ = {
			isa = XCBuildConfiguration;
			baseConfigurationReference = 2C717EE788C98950E660904A /* Pods-Dandelion.release.xcconfig */;
			buildSettings = {
				ASSETCATALOG_COMPILER_APPICON_NAME = AppIcon;
				CODE_SIGN_STYLE = Automatic;
				DEVELOPMENT_TEAM = ABJ4EHX6C9;
				INFOPLIST_FILE = Dandelion/Info.plist;
				IPHONEOS_DEPLOYMENT_TARGET = 10.2;
				LD_RUNPATH_SEARCH_PATHS = "$(inherited) @executable_path/Frameworks";
				PRODUCT_BUNDLE_IDENTIFIER = com.kriswang.Dandelion;
				PRODUCT_NAME = "$(TARGET_NAME)";
				SWIFT_VERSION = 4.0;
				TARGETED_DEVICE_FAMILY = 1;
			};
			name = Release;
		};
/* End XCBuildConfiguration section */

/* Begin XCConfigurationList section */
		31C1549F205B4E9F003FF857 /* Build configuration list for PBXProject "Dandelion" */ = {
			isa = XCConfigurationList;
			buildConfigurations = (
				31C154B4205B4E9F003FF857 /* Debug */,
				31C154B5205B4E9F003FF857 /* Release */,
			);
			defaultConfigurationIsVisible = 0;
			defaultConfigurationName = Release;
		};
		31C154B6205B4E9F003FF857 /* Build configuration list for PBXNativeTarget "Dandelion" */ = {
			isa = XCConfigurationList;
			buildConfigurations = (
				31C154B7205B4E9F003FF857 /* Debug */,
				31C154B8205B4E9F003FF857 /* Release */,
			);
			defaultConfigurationIsVisible = 0;
			defaultConfigurationName = Release;
		};
/* End XCConfigurationList section */
	};
	rootObject = 31C1549C205B4E9F003FF857 /* Project object */;
}
